
Microsoft Visual Studio Solution File, Format Version 12.00
# Visual Studio Version 17
VisualStudioVersion = 17.14.36203.30
MinimumVisualStudioVersion = 10.0.40219.1
Project("{FAE04EC0-301F-11D3-BF4B-00C04F79EFBC}") = "RabbitMQ_Producer", "RabbitMQ_Producer\RabbitMQ_Producer.csproj", "{91B06999-83B4-4A44-B1C7-B0A618337154}"
EndProject
Project("{FAE04EC0-301F-11D3-BF4B-00C04F79EFBC}") = "RabbitMQ_ConsumerOne", "RabbitMQ_ConsumerOne\RabbitMQ_ConsumerOne.csproj", "{A2C2DE81-23F8-4279-A6AF-CF0CE3A7A99F}"
EndProject
Project("{FAE04EC0-301F-11D3-BF4B-00C04F79EFBC}") = "RabbitMQ_ConsumerTwo", "RabbitMQ_ConsumerTwo\RabbitMQ_ConsumerTwo.csproj", "{5AB4CEDF-A2E3-42D3-B083-4D2BD5EDAB9E}"
EndProject
Global
	GlobalSection(SolutionConfigurationPlatforms) = preSolution
		Debug|Any CPU = Debug|Any CPU
		Release|Any CPU = Release|Any CPU
	EndGlobalSection
	GlobalSection(ProjectConfigurationPlatforms) = postSolution
		{91B06999-83B4-4A44-B1C7-B0A618337154}.Debug|Any CPU.ActiveCfg = Debug|Any CPU
		{91B06999-83B4-4A44-B1C7-B0A618337154}.Debug|Any CPU.Build.0 = Debug|Any CPU
		{91B06999-83B4-4A44-B1C7-B0A618337154}.Release|Any CPU.ActiveCfg = Release|Any CPU
		{91B06999-83B4-4A44-B1C7-B0A618337154}.Release|Any CPU.Build.0 = Release|Any CPU
		{A2C2DE81-23F8-4279-A6AF-CF0CE3A7A99F}.Debug|Any CPU.ActiveCfg = Debug|Any CPU
		{A2C2DE81-23F8-4279-A6AF-CF0CE3A7A99F}.Debug|Any CPU.Build.0 = Debug|Any CPU
		{A2C2DE81-23F8-4279-A6AF-CF0CE3A7A99F}.Release|Any CPU.ActiveCfg = Release|Any CPU
		{A2C2DE81-23F8-4279-A6AF-CF0CE3A7A99F}.Release|Any CPU.Build.0 = Release|Any CPU
		{5AB4CEDF-A2E3-42D3-B083-4D2BD5EDAB9E}.Debug|Any CPU.ActiveCfg = Debug|Any CPU
		{5AB4CEDF-A2E3-42D3-B083-4D2BD5EDAB9E}.Debug|Any CPU.Build.0 = Debug|Any CPU
		{5AB4CEDF-A2E3-42D3-B083-4D2BD5EDAB9E}.Release|Any CPU.ActiveCfg = Release|Any CPU
		{5AB4CEDF-A2E3-42D3-B083-4D2BD5EDAB9E}.Release|Any CPU.Build.0 = Release|Any CPU
	EndGlobalSection
	GlobalSection(SolutionProperties) = preSolution
		HideSolutionNode = FALSE
	EndGlobalSection
	GlobalSection(ExtensibilityGlobals) = postSolution
		SolutionGuid = {ABEAE79E-523F-4405-903A-9FB193EF5138}
	EndGlobalSection
EndGlobal
